Microsoft Visual Studio Solution File, Format Version 12.00
# Visual Studio Version 16
VisualStudioVersion = 16.0.29418.71
MinimumVisualStudioVersion = 10.0.40219.1
Project("{2150E333-8FDC-42A3-9474-1A3956D46DE8}") = ".paket", ".paket", "{568D134B-C8BD-4142-B356-D86197301511}"
	ProjectSection(SolutionItems) = preProject
		paket.dependencies = paket.dependencies
	EndProjectSection
EndProject
Project("{6EC3EE1D-3C4E-46DD-8F32-0CC8E7565705}") = "App", "src\App\App.fsproj", "{E5DEFC96-37CF-4844-9C9E-CFA0A9A8AED3}"
EndProject
Project("{6EC3EE1D-3C4E-46DD-8F32-0CC8E7565705}") = "Tests", "tests\Tests.fsproj", "{7821B727-268F-44AD-8136-B300B323F578}"
EndProject
Project("{2150E333-8FDC-42A3-9474-1A3956D46DE8}") = ".fake", ".fake", "{85B744C4-2786-4C96-87AC-25D0AA4A3BCC}"
ProjectSection(SolutionItems) = preProject
	build.fsx = build.fsx
EndProjectSection
EndProject
Project("{F2A71F9B-5D33-465A-A702-920D77279786}") = "Shared", "src\Shared\Shared.fsproj", "{55445441-D1E8-43CC-9B13-DD67A32D35F1}"
EndProject
Project("{F2A71F9B-5D33-465A-A702-920D77279786}") = "Server", "src\Server\Server.fsproj", "{C942098A-9B3F-46A4-AD10-12DDDEAD545A}"
EndProject
Project("{F2A71F9B-5D33-465A-A702-920D77279786}") = "IndexGenerator", "src\IndexGenerator\IndexGenerator.fsproj", "{06E0EC9F-C062-4411-9940-6084C25C0D77}"
EndProject
Global
	GlobalSection(SolutionConfigurationPlatforms) = preSolution
		Debug|Any CPU = Debug|Any CPU
		Release|Any CPU = Release|Any CPU
	EndGlobalSection
	GlobalSection(ProjectConfigurationPlatforms) = postSolution
		{E5DEFC96-37CF-4844-9C9E-CFA0A9A8AED3}.Debug|Any CPU.ActiveCfg = Debug|Any CPU
		{E5DEFC96-37CF-4844-9C9E-CFA0A9A8AED3}.Debug|Any CPU.Build.0 = Debug|Any CPU
		{E5DEFC96-37CF-4844-9C9E-CFA0A9A8AED3}.Release|Any CPU.ActiveCfg = Release|Any CPU
		{E5DEFC96-37CF-4844-9C9E-CFA0A9A8AED3}.Release|Any CPU.Build.0 = Release|Any CPU
		{7821B727-268F-44AD-8136-B300B323F578}.Debug|Any CPU.ActiveCfg = Debug|Any CPU
		{7821B727-268F-44AD-8136-B300B323F578}.Debug|Any CPU.Build.0 = Debug|Any CPU
		{7821B727-268F-44AD-8136-B300B323F578}.Release|Any CPU.ActiveCfg = Release|Any CPU
		{7821B727-268F-44AD-8136-B300B323F578}.Release|Any CPU.Build.0 = Release|Any CPU
		{55445441-D1E8-43CC-9B13-DD67A32D35F1}.Debug|Any CPU.ActiveCfg = Debug|Any CPU
		{55445441-D1E8-43CC-9B13-DD67A32D35F1}.Debug|Any CPU.Build.0 = Debug|Any CPU
		{55445441-D1E8-43CC-9B13-DD67A32D35F1}.Release|Any CPU.ActiveCfg = Release|Any CPU
		{55445441-D1E8-43CC-9B13-DD67A32D35F1}.Release|Any CPU.Build.0 = Release|Any CPU
		{C942098A-9B3F-46A4-AD10-12DDDEAD545A}.Debug|Any CPU.ActiveCfg = Debug|Any CPU
		{C942098A-9B3F-46A4-AD10-12DDDEAD545A}.Debug|Any CPU.Build.0 = Debug|Any CPU
		{C942098A-9B3F-46A4-AD10-12DDDEAD545A}.Release|Any CPU.ActiveCfg = Release|Any CPU
		{C942098A-9B3F-46A4-AD10-12DDDEAD545A}.Release|Any CPU.Build.0 = Release|Any CPU
		{06E0EC9F-C062-4411-9940-6084C25C0D77}.Debug|Any CPU.ActiveCfg = Debug|Any CPU
		{06E0EC9F-C062-4411-9940-6084C25C0D77}.Debug|Any CPU.Build.0 = Debug|Any CPU
		{06E0EC9F-C062-4411-9940-6084C25C0D77}.Release|Any CPU.ActiveCfg = Release|Any CPU
		{06E0EC9F-C062-4411-9940-6084C25C0D77}.Release|Any CPU.Build.0 = Release|Any CPU
	EndGlobalSection
	GlobalSection(SolutionProperties) = preSolution
		HideSolutionNode = FALSE
	EndGlobalSection
	GlobalSection(ExtensibilityGlobals) = postSolution
		SolutionGuid = {10E8CD24-3EC2-4B88-AF25-F5807B4B92B9}
	EndGlobalSection
EndGlobal
